speakeasyVersion: 1.764.1
sources:
    La Pyme API:
        sourceNamespace: la-pyme-api
        sourceRevisionDigest: sha256:a2c1d15190c6b78a0169113c8f552acc096ecaf19cc8fa5f756c347eb1a686b5
        sourceBlobDigest: sha256:5352c8731b4efe48e2b2302b01a6238213b0e539807801bda8b9813bf87f1c44
        tags:
            - latest
            - 1.0.0
targets:
    lapyme:
        source: La Pyme API
        sourceNamespace: la-pyme-api
        sourceRevisionDigest: sha256:a2c1d15190c6b78a0169113c8f552acc096ecaf19cc8fa5f756c347eb1a686b5
        sourceBlobDigest: sha256:5352c8731b4efe48e2b2302b01a6238213b0e539807801bda8b9813bf87f1c44
        codeSamplesNamespace: la-pyme-api-typescript-code-samples
        codeSamplesRevisionDigest: sha256:305d6f2cfd7d5dccfd965d34795dfa21773ebda61a63f934dc767e103b5d10d7
workflow:
    workflowVersion: 1.0.0
    speakeasyVersion: latest
    sources:
        La Pyme API:
            inputs:
                - location: https://docs.lapyme.com.ar/api-reference/openapi.json
            overlays:
                - location: .speakeasy/speakeasy-modifications-overlay.yaml
            output: .speakeasy/out.openapi.yaml
            registry:
                location: registry.speakeasyapi.dev/lapyme/la-pyme/la-pyme-api
    targets:
        lapyme:
            target: typescript
            source: La Pyme API
            publish:
                npm:
                    token: $npm_token
            codeSamples:
                registry:
                    location: registry.speakeasyapi.dev/lapyme/la-pyme/la-pyme-api-typescript-code-samples
                labelOverride:
                    fixedValue: Typescript (SDK)
                blocking: false
