speakeasyVersion: 1.800.1
sources:
    La Pyme API:
        sourceNamespace: la-pyme-api
        sourceRevisionDigest: sha256:1af4a3caf6106fc7402a5c4827fbc34860988ca7791ae9d679ab1a8e1bc73358
        sourceBlobDigest: sha256:85f6b42411d0af0349328a0234547495b0b9a1b5c2b1291085da194336fd3efd
        tags:
            - latest
            - 1.0.0
targets:
    lapyme:
        source: La Pyme API
        sourceNamespace: la-pyme-api
        sourceRevisionDigest: sha256:1af4a3caf6106fc7402a5c4827fbc34860988ca7791ae9d679ab1a8e1bc73358
        sourceBlobDigest: sha256:85f6b42411d0af0349328a0234547495b0b9a1b5c2b1291085da194336fd3efd
        codeSamplesNamespace: la-pyme-api-typescript-code-samples
        codeSamplesRevisionDigest: sha256:73c828aa6cc696367c49230b893edc223e88d0ac5ca82316da055cd150c39990
workflow:
    workflowVersion: 1.0.0
    speakeasyVersion: latest
    sources:
        La Pyme API:
            inputs:
                - location: https://docs.lapyme.com.ar/api-reference/openapi.json
            overlays:
                - location: .speakeasy/speakeasy-modifications-overlay.yaml
            output: .speakeasy/out.openapi.yaml
            registry:
                location: registry.speakeasyapi.dev/lapyme/la-pyme/la-pyme-api
    targets:
        lapyme:
            target: typescript
            source: La Pyme API
            publish:
                npm:
                    token: $npm_token
            codeSamples:
                registry:
                    location: registry.speakeasyapi.dev/lapyme/la-pyme/la-pyme-api-typescript-code-samples
                labelOverride:
                    fixedValue: Typescript (SDK)
                blocking: false
