speakeasyVersion: 1.768.2
sources:
    La Pyme API:
        sourceNamespace: la-pyme-api
        sourceRevisionDigest: sha256:596e505da6fdde4314fe04a7c082645edaab7390d1a779770043bc5e461fee40
        sourceBlobDigest: sha256:a29c26c4c9f7b17b97b05961a3f702c7ae59204bedcbcf542edeb1b531d53633
        tags:
            - latest
            - 1.0.0
targets:
    lapyme:
        source: La Pyme API
        sourceNamespace: la-pyme-api
        sourceRevisionDigest: sha256:596e505da6fdde4314fe04a7c082645edaab7390d1a779770043bc5e461fee40
        sourceBlobDigest: sha256:a29c26c4c9f7b17b97b05961a3f702c7ae59204bedcbcf542edeb1b531d53633
        codeSamplesNamespace: la-pyme-api-typescript-code-samples
        codeSamplesRevisionDigest: sha256:b35b87173a049606a5fc70ad5868c1b22822051c99bee9e5a90b267a4af79057
workflow:
    workflowVersion: 1.0.0
    speakeasyVersion: latest
    sources:
        La Pyme API:
            inputs:
                - location: https://docs.lapyme.com.ar/api-reference/openapi.json
            overlays:
                - location: .speakeasy/speakeasy-modifications-overlay.yaml
            output: .speakeasy/out.openapi.yaml
            registry:
                location: registry.speakeasyapi.dev/lapyme/la-pyme/la-pyme-api
    targets:
        lapyme:
            target: typescript
            source: La Pyme API
            publish:
                npm:
                    token: $npm_token
            codeSamples:
                registry:
                    location: registry.speakeasyapi.dev/lapyme/la-pyme/la-pyme-api-typescript-code-samples
                labelOverride:
                    fixedValue: Typescript (SDK)
                blocking: false
